// !$*UTF8*$!
{
	archiveVersion = 1;
	classes = {
	};
	objectVersion = 56;
	objects = {

/* Begin PBXBuildFile section */
		3DF7D5642C298CD700C950AD /* AppDelegate.swift in Sources */ = {isa = PBXBuildFile; fileRef = 3DF7D5632C298CD700C950AD /* AppDelegate.swift */; };
		3DF7D5662C298CD700C950AD /* SceneDelegate.swift in Sources */ = {isa = PBXBuildFile; fileRef = 3DF7D5652C298CD700C950AD /* SceneDelegate.swift */; };
		3DF7D56E2C298CD700C950AD /* BusBooking.xcdatamodeld in Sources */ = {isa = PBXBuildFile; fileRef = 3DF7D56C2C298CD700C950AD /* BusBooking.xcdatamodeld */; };
		3DF7D5702C298CD900C950AD /* Assets.xcassets in Resources */ = {isa = PBXBuildFile; fileRef = 3DF7D56F2C298CD900C950AD /* Assets.xcassets */; };
		3DF7D5732C298CD900C950AD /* LaunchScreen.storyboard in Resources */ = {isa = PBXBuildFile; fileRef = 3DF7D5712C298CD900C950AD /* LaunchScreen.storyboard */; };
		3DF7D57F2C298DDF00C950AD /* HomeViewController.swift in Sources */ = {isa = PBXBuildFile; fileRef = 3DF7D57E2C298DDF00C950AD /* HomeViewController.swift */; };
		3DF7D5842C298FFB00C950AD /* HomeView.swift in Sources */ = {isa = PBXBuildFile; fileRef = 3DF7D5832C298FFB00C950AD /* HomeView.swift */; };
		3DF7D5862C29AFBE00C950AD /* HomeViewModel.swift in Sources */ = {isa = PBXBuildFile; fileRef = 3DF7D5852C29AFBE00C950AD /* HomeViewModel.swift */; };
		3DF7D58D2C29F63D00C950AD /* TicketListView.swift in Sources */ = {isa = PBXBuildFile; fileRef = 3DF7D58C2C29F63D00C950AD /* TicketListView.swift */; };
		3DF7D5902C2AEAB300C950AD /* HorizonCalendar in Frameworks */ = {isa = PBXBuildFile; productRef = 3DF7D58F2C2AEAB300C950AD /* HorizonCalendar */; };
		3DF7D5922C2AF84300C950AD /* TicketListController.swift in Sources */ = {isa = PBXBuildFile; fileRef = 3DF7D5912C2AF84300C950AD /* TicketListController.swift */; };
		3DF7D5942C2B046700C950AD /* TicketsCollectionViewCell.swift in Sources */ = {isa = PBXBuildFile; fileRef = 3DF7D5932C2B046700C950AD /* TicketsCollectionViewCell.swift */; };
		3DF7D5962C2B3A8400C950AD /* TicketListModel.swift in Sources */ = {isa = PBXBuildFile; fileRef = 3DF7D5952C2B3A8400C950AD /* TicketListModel.swift */; };
		3DF7D5982C2B3B1500C950AD /* TicketListViewModel.swift in Sources */ = {isa = PBXBuildFile; fileRef = 3DF7D5972C2B3B1500C950AD /* TicketListViewModel.swift */; };
		3DF7D59B2C2C32E100C950AD /* ProgresHUD.swift in Sources */ = {isa = PBXBuildFile; fileRef = 3DF7D59A2C2C32E100C950AD /* ProgresHUD.swift */; };
		3DF7D59E2C2C32F600C950AD /* ProgressHUD in Frameworks */ = {isa = PBXBuildFile; productRef = 3DF7D59D2C2C32F600C950AD /* ProgressHUD */; };
		3DF7D5A02C2C357F00C950AD /* TabbarViewController.swift in Sources */ = {isa = PBXBuildFile; fileRef = 3DF7D59F2C2C357F00C950AD /* TabbarViewController.swift */; };
		3DF7D5A72C2C378400C950AD /* SelectSeatView.swift in Sources */ = {isa = PBXBuildFile; fileRef = 3DF7D5A62C2C378400C950AD /* SelectSeatView.swift */; };
		3DF7D5A92C2C379200C950AD /* SelectSeatViewController.swift in Sources */ = {isa = PBXBuildFile; fileRef = 3DF7D5A82C2C379200C950AD /* SelectSeatViewController.swift */; };
		3DF7D5AB2C2C4EB800C950AD /* RightSideCollectionCell.swift in Sources */ = {isa = PBXBuildFile; fileRef = 3DF7D5AA2C2C4EB800C950AD /* RightSideCollectionCell.swift */; };
		3DF7D5AD2C2C4ECD00C950AD /* LeftSideCollectionCell.swift in Sources */ = {isa = PBXBuildFile; fileRef = 3DF7D5AC2C2C4ECD00C950AD /* LeftSideCollectionCell.swift */; };
		3DF7D5AF2C2C5BCD00C950AD /* SelectSeatViewModel.swift in Sources */ = {isa = PBXBuildFile; fileRef = 3DF7D5AE2C2C5BCD00C950AD /* SelectSeatViewModel.swift */; };
		3DF7D5B12C2C9EA200C950AD /* SelectSeatsModel.swift in Sources */ = {isa = PBXBuildFile; fileRef = 3DF7D5B02C2C9EA200C950AD /* SelectSeatsModel.swift */; };
		3DF7D5B82C2D92B400C950AD /* GuestDetailsView.swift in Sources */ = {isa = PBXBuildFile; fileRef = 3DF7D5B72C2D92B400C950AD /* GuestDetailsView.swift */; };
		3DF7D5BA2C2D998000C950AD /* GuestDetailsViewController.swift in Sources */ = {isa = PBXBuildFile; fileRef = 3DF7D5B92C2D998000C950AD /* GuestDetailsViewController.swift */; };
		3DF7D5BC2C2DA74F00C950AD /* GuestDetailViewModel.swift in Sources */ = {isa = PBXBuildFile; fileRef = 3DF7D5BB2C2DA74F00C950AD /* GuestDetailViewModel.swift */; };
		3DF7D5BE2C2DBD2B00C950AD /* NavigationBarExtantion.swift in Sources */ = {isa = PBXBuildFile; fileRef = 3DF7D5BD2C2DBD2B00C950AD /* NavigationBarExtantion.swift */; };
		3DF7D5C22C2E2F1D00C950AD /* CoreDataManager.swift in Sources */ = {isa = PBXBuildFile; fileRef = 3DF7D5C12C2E2F1D00C950AD /* CoreDataManager.swift */; };
		3DF7D5C92C2E314D00C950AD /* MyTicketsViewModel.swift in Sources */ = {isa = PBXBuildFile; fileRef = 3DF7D5C82C2E314D00C950AD /* MyTicketsViewModel.swift */; };
		3DF7D5CC2C2E3DB400C950AD /* MyTicketsViewController.swift in Sources */ = {isa = PBXBuildFile; fileRef = 3DF7D5CB2C2E3DB400C950AD /* MyTicketsViewController.swift */; };
		3DF7D5CF2C32DE2D00C950AD /* MyTicketsView.swift in Sources */ = {isa = PBXBuildFile; fileRef = 3DF7D5CE2C32DE2D00C950AD /* MyTicketsView.swift */; };
		3DF7D5D12C32DF8D00C950AD /* MyTicketsListCollectionViewCell.swift in Sources */ = {isa = PBXBuildFile; fileRef = 3DF7D5D02C32DF8D00C950AD /* MyTicketsListCollectionViewCell.swift */; };
		3DF7D5D82C3300BC00C950AD /* Ticket+CoreDataClass.swift in Sources */ = {isa = PBXBuildFile; fileRef = 3DF7D5D62C3300BC00C950AD /* Ticket+CoreDataClass.swift */; };
		3DF7D5D92C3300BC00C950AD /* Ticket+CoreDataProperties.swift in Sources */ = {isa = PBXBuildFile; fileRef = 3DF7D5D72C3300BC00C950AD /* Ticket+CoreDataProperties.swift */; };
		3DF7D5DC2C332BA000C950AD /* IQKeyboardManagerSwift in Frameworks */ = {isa = PBXBuildFile; productRef = 3DF7D5DB2C332BA000C950AD /* IQKeyboardManagerSwift */; };
		3DF7D5DE2C342D1200C950AD /* Localized.swift in Sources */ = {isa = PBXBuildFile; fileRef = 3DF7D5DD2C342D1200C950AD /* Localized.swift */; };
		3DF7D5E22C34376F00C950AD /* Localizable.strings in Resources */ = {isa = PBXBuildFile; fileRef = 3DF7D5E42C34376F00C950AD /* Localizable.strings */; };
/* End PBXBuildFile section */

/* Begin PBXFileReference section */
		3DF7D5602C298CD700C950AD /* BusBooking.app */ = {isa = PBXFileReference; explicitFileType = wrapper.application; includeInIndex = 0; path = BusBooking.app; sourceTree = BUILT_PRODUCTS_DIR; };
		3DF7D5632C298CD700C950AD /* AppDelegate.swift */ = {isa = PBXFileReference; lastKnownFileType = sourcecode.swift; path = AppDelegate.swift; sourceTree = "<group>"; };
		3DF7D5652C298CD700C950AD /* SceneDelegate.swift */ = {isa = PBXFileReference; lastKnownFileType = sourcecode.swift; path = SceneDelegate.swift; sourceTree = "<group>"; };
		3DF7D56D2C298CD700C950AD /* BusBooking.xcdatamodel */ = {isa = PBXFileReference; lastKnownFileType = wrapper.xcdatamodel; path = BusBooking.xcdatamodel; sourceTree = "<group>"; };
		3DF7D56F2C298CD900C950AD /* Assets.xcassets */ = {isa = PBXFileReference; lastKnownFileType = folder.assetcatalog; path = Assets.xcassets; sourceTree = "<group>"; };
		3DF7D5722C298CD900C950AD /* Base */ = {isa = PBXFileReference; lastKnownFileType = file.storyboard; name = Base; path = Base.lproj/LaunchScreen.storyboard; sourceTree = "<group>"; };
		3DF7D5742C298CD900C950AD /* Info.plist */ = {isa = PBXFileReference; lastKnownFileType = text.plist.xml; path = Info.plist; sourceTree = "<group>"; };
		3DF7D57E2C298DDF00C950AD /* HomeViewController.swift */ = {isa = PBXFileReference; lastKnownFileType = sourcecode.swift; path = HomeViewController.swift; sourceTree = "<group>"; };
		3DF7D5832C298FFB00C950AD /* HomeView.swift */ = {isa = PBXFileReference; lastKnownFileType = sourcecode.swift; path = HomeView.swift; sourceTree = "<group>"; };
		3DF7D5852C29AFBE00C950AD /* HomeViewModel.swift */ = {isa = PBXFileReference; lastKnownFileType = sourcecode.swift; path = HomeViewModel.swift; sourceTree = "<group>"; };
		3DF7D58C2C29F63D00C950AD /* TicketListView.swift */ = {isa = PBXFileReference; lastKnownFileType = sourcecode.swift; path = TicketListView.swift; sourceTree = "<group>"; };
		3DF7D5912C2AF84300C950AD /* TicketListController.swift */ = {isa = PBXFileReference; lastKnownFileType = sourcecode.swift; path = TicketListController.swift; sourceTree = "<group>"; };
		3DF7D5932C2B046700C950AD /* TicketsCollectionViewCell.swift */ = {isa = PBXFileReference; lastKnownFileType = sourcecode.swift; path = TicketsCollectionViewCell.swift; sourceTree = "<group>"; };
		3DF7D5952C2B3A8400C950AD /* TicketListModel.swift */ = {isa = PBXFileReference; lastKnownFileType = sourcecode.swift; path = TicketListModel.swift; sourceTree = "<group>"; };
		3DF7D5972C2B3B1500C950AD /* TicketListViewModel.swift */ = {isa = PBXFileReference; lastKnownFileType = sourcecode.swift; path = TicketListViewModel.swift; sourceTree = "<group>"; };
		3DF7D59A2C2C32E100C950AD /* ProgresHUD.swift */ = {isa = PBXFileReference; lastKnownFileType = sourcecode.swift; path = ProgresHUD.swift; sourceTree = "<group>"; };
		3DF7D59F2C2C357F00C950AD /* TabbarViewController.swift */ = {isa = PBXFileReference; lastKnownFileType = sourcecode.swift; path = TabbarViewController.swift; sourceTree = "<group>"; };
		3DF7D5A62C2C378400C950AD /* SelectSeatView.swift */ = {isa = PBXFileReference; lastKnownFileType = sourcecode.swift; path = SelectSeatView.swift; sourceTree = "<group>"; };
		3DF7D5A82C2C379200C950AD /* SelectSeatViewController.swift */ = {isa = PBXFileReference; lastKnownFileType = sourcecode.swift; path = SelectSeatViewController.swift; sourceTree = "<group>"; };
		3DF7D5AA2C2C4EB800C950AD /* RightSideCollectionCell.swift */ = {isa = PBXFileReference; lastKnownFileType = sourcecode.swift; path = RightSideCollectionCell.swift; sourceTree = "<group>"; };
		3DF7D5AC2C2C4ECD00C950AD /* LeftSideCollectionCell.swift */ = {isa = PBXFileReference; lastKnownFileType = sourcecode.swift; path = LeftSideCollectionCell.swift; sourceTree = "<group>"; };
		3DF7D5AE2C2C5BCD00C950AD /* SelectSeatViewModel.swift */ = {isa = PBXFileReference; lastKnownFileType = sourcecode.swift; path = SelectSeatViewModel.swift; sourceTree = "<group>"; };
		3DF7D5B02C2C9EA200C950AD /* SelectSeatsModel.swift */ = {isa = PBXFileReference; lastKnownFileType = sourcecode.swift; path = SelectSeatsModel.swift; sourceTree = "<group>"; };
		3DF7D5B72C2D92B400C950AD /* GuestDetailsView.swift */ = {isa = PBXFileReference; lastKnownFileType = sourcecode.swift; path = GuestDetailsView.swift; sourceTree = "<group>"; };
		3DF7D5B92C2D998000C950AD /* GuestDetailsViewController.swift */ = {isa = PBXFileReference; lastKnownFileType = sourcecode.swift; path = GuestDetailsViewController.swift; sourceTree = "<group>"; };
		3DF7D5BB2C2DA74F00C950AD /* GuestDetailViewModel.swift */ = {isa = PBXFileReference; lastKnownFileType = sourcecode.swift; path = GuestDetailViewModel.swift; sourceTree = "<group>"; };
		3DF7D5BD2C2DBD2B00C950AD /* NavigationBarExtantion.swift */ = {isa = PBXFileReference; lastKnownFileType = sourcecode.swift; path = NavigationBarExtantion.swift; sourceTree = "<group>"; };
		3DF7D5C12C2E2F1D00C950AD /* CoreDataManager.swift */ = {isa = PBXFileReference; lastKnownFileType = sourcecode.swift; path = CoreDataManager.swift; sourceTree = "<group>"; };
		3DF7D5C82C2E314D00C950AD /* MyTicketsViewModel.swift */ = {isa = PBXFileReference; lastKnownFileType = sourcecode.swift; path = MyTicketsViewModel.swift; sourceTree = "<group>"; };
		3DF7D5CB2C2E3DB400C950AD /* MyTicketsViewController.swift */ = {isa = PBXFileReference; lastKnownFileType = sourcecode.swift; path = MyTicketsViewController.swift; sourceTree = "<group>"; };
		3DF7D5CE2C32DE2D00C950AD /* MyTicketsView.swift */ = {isa = PBXFileReference; lastKnownFileType = sourcecode.swift; path = MyTicketsView.swift; sourceTree = "<group>"; };
		3DF7D5D02C32DF8D00C950AD /* MyTicketsListCollectionViewCell.swift */ = {isa = PBXFileReference; lastKnownFileType = sourcecode.swift; path = MyTicketsListCollectionViewCell.swift; sourceTree = "<group>"; };
		3DF7D5D62C3300BC00C950AD /* Ticket+CoreDataClass.swift */ = {isa = PBXFileReference; lastKnownFileType = sourcecode.swift; path = "Ticket+CoreDataClass.swift"; sourceTree = "<group>"; };
		3DF7D5D72C3300BC00C950AD /* Ticket+CoreDataProperties.swift */ = {isa = PBXFileReference; lastKnownFileType = sourcecode.swift; path = "Ticket+CoreDataProperties.swift"; sourceTree = "<group>"; };
		3DF7D5DD2C342D1200C950AD /* Localized.swift */ = {isa = PBXFileReference; lastKnownFileType = sourcecode.swift; path = Localized.swift; sourceTree = "<group>"; };
		3DF7D5DF2C3436E700C950AD /* de */ = {isa = PBXFileReference; lastKnownFileType = text.plist.strings; name = de; path = de.lproj/LaunchScreen.strings; sourceTree = "<group>"; };
		3DF7D5E32C34376F00C950AD /* en */ = {isa = PBXFileReference; lastKnownFileType = text.plist.strings; name = en; path = en.lproj/Localizable.strings; sourceTree = "<group>"; };
		3DF7D5E52C34377500C950AD /* de */ = {isa = PBXFileReference; lastKnownFileType = text.plist.strings; name = de; path = de.lproj/Localizable.strings; sourceTree = "<group>"; };
		3DF7D5E62C343C9000C950AD /* fr */ = {isa = PBXFileReference; lastKnownFileType = text.plist.strings; name = fr; path = fr.lproj/LaunchScreen.strings; sourceTree = "<group>"; };
		3DF7D5E72C343C9100C950AD /* fr */ = {isa = PBXFileReference; lastKnownFileType = text.plist.strings; name = fr; path = fr.lproj/Localizable.strings; sourceTree = "<group>"; };
		3DF7D5E82C343CAA00C950AD /* tr */ = {isa = PBXFileReference; lastKnownFileType = text.plist.strings; name = tr; path = tr.lproj/LaunchScreen.strings; sourceTree = "<group>"; };
		3DF7D5E92C343CAA00C950AD /* tr */ = {isa = PBXFileReference; lastKnownFileType = text.plist.strings; name = tr; path = tr.lproj/Localizable.strings; sourceTree = "<group>"; };
/* End PBXFileReference section */

/* Begin PBXFrameworksBuildPhase section */
		3DF7D55D2C298CD700C950AD /* Frameworks */ = {
			isa = PBXFrameworksBuildPhase;
			buildActionMask = 2147483647;
			files = (
				3DF7D5902C2AEAB300C950AD /* HorizonCalendar in Frameworks */,
				3DF7D59E2C2C32F600C950AD /* ProgressHUD in Frameworks */,
				3DF7D5DC2C332BA000C950AD /* IQKeyboardManagerSwift in Frameworks */,
			);
			runOnlyForDeploymentPostprocessing = 0;
		};
/* End PBXFrameworksBuildPhase section */

/* Begin PBXGroup section */
		3DF7D5572C298CD700C950AD = {
			isa = PBXGroup;
			children = (
				3DF7D5622C298CD700C950AD /* BusBooking */,
				3DF7D5612C298CD700C950AD /* Products */,
			);
			sourceTree = "<group>";
		};
		3DF7D5612C298CD700C950AD /* Products */ = {
			isa = PBXGroup;
			children = (
				3DF7D5602C298CD700C950AD /* BusBooking.app */,
			);
			name = Products;
			sourceTree = "<group>";
		};
		3DF7D5622C298CD700C950AD /* BusBooking */ = {
			isa = PBXGroup;
			children = (
				3DF7D5C02C2E2F0900C950AD /* CoreDataManager */,
				3DF7D5992C2C32C600C950AD /* Extantion+UIView */,
				3DF7D57B2C298DBC00C950AD /* Scene */,
				3DF7D57A2C298D2000C950AD /* App */,
				3DF7D56C2C298CD700C950AD /* BusBooking.xcdatamodeld */,
			);
			path = BusBooking;
			sourceTree = "<group>";
		};
		3DF7D57A2C298D2000C950AD /* App */ = {
			isa = PBXGroup;
			children = (
				3DF7D5632C298CD700C950AD /* AppDelegate.swift */,
				3DF7D5652C298CD700C950AD /* SceneDelegate.swift */,
				3DF7D56F2C298CD900C950AD /* Assets.xcassets */,
				3DF7D5712C298CD900C950AD /* LaunchScreen.storyboard */,
				3DF7D5742C298CD900C950AD /* Info.plist */,
				3DF7D5E42C34376F00C950AD /* Localizable.strings */,
			);
			path = App;
			sourceTree = "<group>";
		};
		3DF7D57B2C298DBC00C950AD /* Scene */ = {
			isa = PBXGroup;
			children = (
				3DF7D5BF2C2DC00500C950AD /* MyTickets */,
				3DF7D5B22C2D927E00C950AD /* GuestDetails */,
				3DF7D5A12C2C373900C950AD /* SelectSeat */,
				3DF7D5872C29F60D00C950AD /* TicketList */,
				3DF7D57C2C298DCC00C950AD /* Home */,
			);
			path = Scene;
			sourceTree = "<group>";
		};
		3DF7D57C2C298DCC00C950AD /* Home */ = {
			isa = PBXGroup;
			children = (
				3DF7D5822C298FEC00C950AD /* Model */,
				3DF7D5812C298FE500C950AD /* ViewModel */,
				3DF7D5802C298FE000C950AD /* View */,
				3DF7D57D2C298DD000C950AD /* Controller */,
			);
			path = Home;
			sourceTree = "<group>";
		};
		3DF7D57D2C298DD000C950AD /* Controller */ = {
			isa = PBXGroup;
			children = (
				3DF7D57E2C298DDF00C950AD /* HomeViewController.swift */,
			);
			path = Controller;
			sourceTree = "<group>";
		};
		3DF7D5802C298FE000C950AD /* View */ = {
			isa = PBXGroup;
			children = (
				3DF7D5832C298FFB00C950AD /* HomeView.swift */,
			);
			path = View;
			sourceTree = "<group>";
		};
		3DF7D5812C298FE500C950AD /* ViewModel */ = {
			isa = PBXGroup;
			children = (
				3DF7D5852C29AFBE00C950AD /* HomeViewModel.swift */,
			);
			path = ViewModel;
			sourceTree = "<group>";
		};
		3DF7D5822C298FEC00C950AD /* Model */ = {
			isa = PBXGroup;
			children = (
			);
			path = Model;
			sourceTree = "<group>";
		};
		3DF7D5872C29F60D00C950AD /* TicketList */ = {
			isa = PBXGroup;
			children = (
				3DF7D58B2C29F62C00C950AD /* Model */,
				3DF7D58A2C29F62200C950AD /* Controller */,
				3DF7D5892C29F61D00C950AD /* ViewModel */,
				3DF7D5882C29F61700C950AD /* View */,
			);
			path = TicketList;
			sourceTree = "<group>";
		};
		3DF7D5882C29F61700C950AD /* View */ = {
			isa = PBXGroup;
			children = (
				3DF7D58C2C29F63D00C950AD /* TicketListView.swift */,
				3DF7D5932C2B046700C950AD /* TicketsCollectionViewCell.swift */,
			);
			path = View;
			sourceTree = "<group>";
		};
		3DF7D5892C29F61D00C950AD /* ViewModel */ = {
			isa = PBXGroup;
			children = (
				3DF7D5972C2B3B1500C950AD /* TicketListViewModel.swift */,
			);
			path = ViewModel;
			sourceTree = "<group>";
		};
		3DF7D58A2C29F62200C950AD /* Controller */ = {
			isa = PBXGroup;
			children = (
				3DF7D5912C2AF84300C950AD /* TicketListController.swift */,
			);
			path = Controller;
			sourceTree = "<group>";
		};
		3DF7D58B2C29F62C00C950AD /* Model */ = {
			isa = PBXGroup;
			children = (
				3DF7D5952C2B3A8400C950AD /* TicketListModel.swift */,
			);
			path = Model;
			sourceTree = "<group>";
		};
		3DF7D5992C2C32C600C950AD /* Extantion+UIView */ = {
			isa = PBXGroup;
			children = (
				3DF7D59A2C2C32E100C950AD /* ProgresHUD.swift */,
				3DF7D59F2C2C357F00C950AD /* TabbarViewController.swift */,
				3DF7D5BD2C2DBD2B00C950AD /* NavigationBarExtantion.swift */,
				3DF7D5DD2C342D1200C950AD /* Localized.swift */,
			);
			path = "Extantion+UIView";
			sourceTree = "<group>";
		};
		3DF7D5A12C2C373900C950AD /* SelectSeat */ = {
			isa = PBXGroup;
			children = (
				3DF7D5A52C2C375900C950AD /* Model */,
				3DF7D5A42C2C375000C950AD /* Controller */,
				3DF7D5A32C2C374800C950AD /* ViewModel */,
				3DF7D5A22C2C374400C950AD /* View */,
			);
			path = SelectSeat;
			sourceTree = "<group>";
		};
		3DF7D5A22C2C374400C950AD /* View */ = {
			isa = PBXGroup;
			children = (
				3DF7D5A62C2C378400C950AD /* SelectSeatView.swift */,
				3DF7D5AA2C2C4EB800C950AD /* RightSideCollectionCell.swift */,
				3DF7D5AC2C2C4ECD00C950AD /* LeftSideCollectionCell.swift */,
			);
			path = View;
			sourceTree = "<group>";
		};
		3DF7D5A32C2C374800C950AD /* ViewModel */ = {
			isa = PBXGroup;
			children = (
				3DF7D5AE2C2C5BCD00C950AD /* SelectSeatViewModel.swift */,
			);
			path = ViewModel;
			sourceTree = "<group>";
		};
		3DF7D5A42C2C375000C950AD /* Controller */ = {
			isa = PBXGroup;
			children = (
				3DF7D5A82C2C379200C950AD /* SelectSeatViewController.swift */,
			);
			path = Controller;
			sourceTree = "<group>";
		};
		3DF7D5A52C2C375900C950AD /* Model */ = {
			isa = PBXGroup;
			children = (
				3DF7D5B02C2C9EA200C950AD /* SelectSeatsModel.swift */,
			);
			path = Model;
			sourceTree = "<group>";
		};
		3DF7D5B22C2D927E00C950AD /* GuestDetails */ = {
			isa = PBXGroup;
			children = (
				3DF7D5B62C2D92A100C950AD /* Model */,
				3DF7D5B52C2D929800C950AD /* ViewModel */,
				3DF7D5B42C2D928F00C950AD /* ViewController */,
				3DF7D5B32C2D928B00C950AD /* View */,
			);
			path = GuestDetails;
			sourceTree = "<group>";
		};
		3DF7D5B32C2D928B00C950AD /* View */ = {
			isa = PBXGroup;
			children = (
				3DF7D5B72C2D92B400C950AD /* GuestDetailsView.swift */,
			);
			path = View;
			sourceTree = "<group>";
		};
		3DF7D5B42C2D928F00C950AD /* ViewController */ = {
			isa = PBXGroup;
			children = (
				3DF7D5B92C2D998000C950AD /* GuestDetailsViewController.swift */,
			);
			path = ViewController;
			sourceTree = "<group>";
		};
		3DF7D5B52C2D929800C950AD /* ViewModel */ = {
			isa = PBXGroup;
			children = (
				3DF7D5BB2C2DA74F00C950AD /* GuestDetailViewModel.swift */,
			);
			path = ViewModel;
			sourceTree = "<group>";
		};
		3DF7D5B62C2D92A100C950AD /* Model */ = {
			isa = PBXGroup;
			children = (
			);
			path = Model;
			sourceTree = "<group>";
		};
		3DF7D5BF2C2DC00500C950AD /* MyTickets */ = {
			isa = PBXGroup;
			children = (
				3DF7D5CD2C32DE1A00C950AD /* View */,
				3DF7D5CA2C2E3DA200C950AD /* ViewController */,
				3DF7D5C72C2E313100C950AD /* MyTicketsViewModel */,
			);
			path = MyTickets;
			sourceTree = "<group>";
		};
		3DF7D5C02C2E2F0900C950AD /* CoreDataManager */ = {
			isa = PBXGroup;
			children = (
				3DF7D5D62C3300BC00C950AD /* Ticket+CoreDataClass.swift */,
				3DF7D5D72C3300BC00C950AD /* Ticket+CoreDataProperties.swift */,
				3DF7D5C12C2E2F1D00C950AD /* CoreDataManager.swift */,
			);
			path = CoreDataManager;
			sourceTree = "<group>";
		};
		3DF7D5C72C2E313100C950AD /* MyTicketsViewModel */ = {
			isa = PBXGroup;
			children = (
				3DF7D5C82C2E314D00C950AD /* MyTicketsViewModel.swift */,
			);
			path = MyTicketsViewModel;
			sourceTree = "<group>";
		};
		3DF7D5CA2C2E3DA200C950AD /* ViewController */ = {
			isa = PBXGroup;
			children = (
				3DF7D5CB2C2E3DB400C950AD /* MyTicketsViewController.swift */,
			);
			path = ViewController;
			sourceTree = "<group>";
		};
		3DF7D5CD2C32DE1A00C950AD /* View */ = {
			isa = PBXGroup;
			children = (
				3DF7D5CE2C32DE2D00C950AD /* MyTicketsView.swift */,
				3DF7D5D02C32DF8D00C950AD /* MyTicketsListCollectionViewCell.swift */,
			);
			path = View;
			sourceTree = "<group>";
		};
/* End PBXGroup section */

/* Begin PBXNativeTarget section */
		3DF7D55F2C298CD700C950AD /* BusBooking */ = {
			isa = PBXNativeTarget;
			buildConfigurationList = 3DF7D5772C298CD900C950AD /* Build configuration list for PBXNativeTarget "BusBooking" */;
			buildPhases = (
				3DF7D55C2C298CD700C950AD /* Sources */,
				3DF7D55D2C298CD700C950AD /* Frameworks */,
				3DF7D55E2C298CD700C950AD /* Resources */,
			);
			buildRules = (
			);
			dependencies = (
			);
			name = BusBooking;
			packageProductDependencies = (
				3DF7D58F2C2AEAB300C950AD /* HorizonCalendar */,
				3DF7D59D2C2C32F600C950AD /* ProgressHUD */,
				3DF7D5DB2C332BA000C950AD /* IQKeyboardManagerSwift */,
			);
			productName = BusBooking;
			productReference = 3DF7D5602C298CD700C950AD /* BusBooking.app */;
			productType = "com.apple.product-type.application";
		};
/* End PBXNativeTarget section */

/* Begin PBXProject section */
		3DF7D5582C298CD700C950AD /* Project object */ = {
			isa = PBXProject;
			attributes = {
				BuildIndependentTargetsInParallel = 1;
				LastSwiftUpdateCheck = 1500;
				LastUpgradeCheck = 1500;
				TargetAttributes = {
					3DF7D55F2C298CD700C950AD = {
						CreatedOnToolsVersion = 15.0.1;
					};
				};
			};
			buildConfigurationList = 3DF7D55B2C298CD700C950AD /* Build configuration list for PBXProject "BusBooking" */;
			compatibilityVersion = "Xcode 14.0";
			developmentRegion = en;
			hasScannedForEncodings = 0;
			knownRegions = (
				en,
				Base,
				de,
				fr,
				tr,
			);
			mainGroup = 3DF7D5572C298CD700C950AD;
			packageReferences = (
				3DF7D58E2C2AEAB300C950AD /* XCRemoteSwiftPackageReference "HorizonCalendar" */,
				3DF7D59C2C2C32F500C950AD /* XCRemoteSwiftPackageReference "ProgressHUD" */,
				3DF7D5DA2C332BA000C950AD /* XCRemoteSwiftPackageReference "IQKeyboardManager" */,
			);
			productRefGroup = 3DF7D5612C298CD700C950AD /* Products */;
			projectDirPath = "";
			projectRoot = "";
			targets = (
				3DF7D55F2C298CD700C950AD /* BusBooking */,
			);
		};
/* End PBXProject section */

/* Begin PBXResourcesBuildPhase section */
		3DF7D55E2C298CD700C950AD /* Resources */ = {
			isa = PBXResourcesBuildPhase;
			buildActionMask = 2147483647;
			files = (
				3DF7D5732C298CD900C950AD /* LaunchScreen.storyboard in Resources */,
				3DF7D5E22C34376F00C950AD /* Localizable.strings in Resources */,
				3DF7D5702C298CD900C950AD /* Assets.xcassets in Resources */,
			);
			runOnlyForDeploymentPostprocessing = 0;
		};
/* End PBXResourcesBuildPhase section */

/* Begin PBXSourcesBuildPhase section */
		3DF7D55C2C298CD700C950AD /* Sources */ = {
			isa = PBXSourcesBuildPhase;
			buildActionMask = 2147483647;
			files = (
				3DF7D5BC2C2DA74F00C950AD /* GuestDetailViewModel.swift in Sources */,
				3DF7D5B12C2C9EA200C950AD /* SelectSeatsModel.swift in Sources */,
				3DF7D5642C298CD700C950AD /* AppDelegate.swift in Sources */,
				3DF7D5D92C3300BC00C950AD /* Ticket+CoreDataProperties.swift in Sources */,
				3DF7D5DE2C342D1200C950AD /* Localized.swift in Sources */,
				3DF7D5B82C2D92B400C950AD /* GuestDetailsView.swift in Sources */,
				3DF7D5922C2AF84300C950AD /* TicketListController.swift in Sources */,
				3DF7D59B2C2C32E100C950AD /* ProgresHUD.swift in Sources */,
				3DF7D5CF2C32DE2D00C950AD /* MyTicketsView.swift in Sources */,
				3DF7D5D82C3300BC00C950AD /* Ticket+CoreDataClass.swift in Sources */,
				3DF7D5C22C2E2F1D00C950AD /* CoreDataManager.swift in Sources */,
				3DF7D5A02C2C357F00C950AD /* TabbarViewController.swift in Sources */,
				3DF7D5BE2C2DBD2B00C950AD /* NavigationBarExtantion.swift in Sources */,
				3DF7D5862C29AFBE00C950AD /* HomeViewModel.swift in Sources */,
				3DF7D5A92C2C379200C950AD /* SelectSeatViewController.swift in Sources */,
				3DF7D5CC2C2E3DB400C950AD /* MyTicketsViewController.swift in Sources */,
				3DF7D5AD2C2C4ECD00C950AD /* LeftSideCollectionCell.swift in Sources */,
				3DF7D56E2C298CD700C950AD /* BusBooking.xcdatamodeld in Sources */,
				3DF7D5AB2C2C4EB800C950AD /* RightSideCollectionCell.swift in Sources */,
				3DF7D5AF2C2C5BCD00C950AD /* SelectSeatViewModel.swift in Sources */,
				3DF7D5C92C2E314D00C950AD /* MyTicketsViewModel.swift in Sources */,
				3DF7D5662C298CD700C950AD /* SceneDelegate.swift in Sources */,
				3DF7D5962C2B3A8400C950AD /* TicketListModel.swift in Sources */,
				3DF7D5842C298FFB00C950AD /* HomeView.swift in Sources */,
				3DF7D58D2C29F63D00C950AD /* TicketListView.swift in Sources */,
				3DF7D5982C2B3B1500C950AD /* TicketListViewModel.swift in Sources */,
				3DF7D5BA2C2D998000C950AD /* GuestDetailsViewController.swift in Sources */,
				3DF7D5A72C2C378400C950AD /* SelectSeatView.swift in Sources */,
				3DF7D57F2C298DDF00C950AD /* HomeViewController.swift in Sources */,
				3DF7D5D12C32DF8D00C950AD /* MyTicketsListCollectionViewCell.swift in Sources */,
				3DF7D5942C2B046700C950AD /* TicketsCollectionViewCell.swift in Sources */,
			);
			runOnlyForDeploymentPostprocessing = 0;
		};
/* End PBXSourcesBuildPhase section */

/* Begin PBXVariantGroup section */
		3DF7D5712C298CD900C950AD /* LaunchScreen.storyboard */ = {
			isa = PBXVariantGroup;
			children = (
				3DF7D5722C298CD900C950AD /* Base */,
				3DF7D5DF2C3436E700C950AD /* de */,
				3DF7D5E62C343C9000C950AD /* fr */,
				3DF7D5E82C343CAA00C950AD /* tr */,
			);
			name = LaunchScreen.storyboard;
			sourceTree = "<group>";
		};
		3DF7D5E42C34376F00C950AD /* Localizable.strings */ = {
			isa = PBXVariantGroup;
			children = (
				3DF7D5E32C34376F00C950AD /* en */,
				3DF7D5E52C34377500C950AD /* de */,
				3DF7D5E72C343C9100C950AD /* fr */,
				3DF7D5E92C343CAA00C950AD /* tr */,
			);
			name = Localizable.strings;
			sourceTree = "<group>";
		};
/* End PBXVariantGroup section */

/* Begin XCBuildConfiguration section */
		3DF7D5752C298CD900C950AD /* Debug */ = {
			isa = XCBuildConfiguration;
			buildSettings = {
				ALWAYS_SEARCH_USER_PATHS = NO;
				ASSETCATALOG_COMPILER_GENERATE_SWIFT_ASSET_SYMBOL_EXTENSIONS = YES;
				CLANG_ANALYZER_LOCALIZABILITY_NONLOCALIZED = YES;
				CLANG_ANALYZER_NONNULL = YES;
				CLANG_ANALYZER_NUMBER_OBJECT_CONVERSION = YES_AGGRESSIVE;
				CLANG_CXX_LANGUAGE_STANDARD = "gnu++20";
				CLANG_ENABLE_MODULES = YES;
				CLANG_ENABLE_OBJC_ARC = YES;
				CLANG_ENABLE_OBJC_WEAK = YES;
				CLANG_WARN_BLOCK_CAPTURE_AUTORELEASING = YES;
				CLANG_WARN_BOOL_CONVERSION = YES;
				CLANG_WARN_COMMA = YES;
				CLANG_WARN_CONSTANT_CONVERSION = YES;
				CLANG_WARN_DEPRECATED_OBJC_IMPLEMENTATIONS = YES;
				CLANG_WARN_DIRECT_OBJC_ISA_USAGE = YES_ERROR;
				CLANG_WARN_DOCUMENTATION_COMMENTS = YES;
				CLANG_WARN_EMPTY_BODY = YES;
				CLANG_WARN_ENUM_CONVERSION = YES;
				CLANG_WARN_INFINITE_RECURSION = YES;
				CLANG_WARN_INT_CONVERSION = YES;
				CLANG_WARN_NON_LITERAL_NULL_CONVERSION = YES;
				CLANG_WARN_OBJC_IMPLICIT_RETAIN_SELF = YES;
				CLANG_WARN_OBJC_LITERAL_CONVERSION = YES;
				CLANG_WARN_OBJC_ROOT_CLASS = YES_ERROR;
				CLANG_WARN_QUOTED_INCLUDE_IN_FRAMEWORK_HEADER = YES;
				CLANG_WARN_RANGE_LOOP_ANALYSIS = YES;
				CLANG_WARN_STRICT_PROTOTYPES = YES;
				CLANG_WARN_SUSPICIOUS_MOVE = YES;
				CLANG_WARN_UNGUARDED_AVAILABILITY = YES_AGGRESSIVE;
				CLANG_WARN_UNREACHABLE_CODE = YES;
				CLANG_WARN__DUPLICATE_METHOD_MATCH = YES;
				COPY_PHASE_STRIP = NO;
				DEBUG_INFORMATION_FORMAT = dwarf;
				ENABLE_STRICT_OBJC_MSGSEND = YES;
				ENABLE_TESTABILITY = YES;
				ENABLE_USER_SCRIPT_SANDBOXING = YES;
				GCC_C_LANGUAGE_STANDARD = gnu17;
				GCC_DYNAMIC_NO_PIC = NO;
				GCC_NO_COMMON_BLOCKS = YES;
				GCC_OPTIMIZATION_LEVEL = 0;
				GCC_PREPROCESSOR_DEFINITIONS = (
					"DEBUG=1",
					"$(inherited)",
				);
				GCC_WARN_64_TO_32_BIT_CONVERSION = YES;
				GCC_WARN_ABOUT_RETURN_TYPE = YES_ERROR;
				GCC_WARN_UNDECLARED_SELECTOR = YES;
				GCC_WARN_UNINITIALIZED_AUTOS = YES_AGGRESSIVE;
				GCC_WARN_UNUSED_FUNCTION = YES;
				GCC_WARN_UNUSED_VARIABLE = YES;
				IPHONEOS_DEPLOYMENT_TARGET = 17.0;
				LOCALIZATION_PREFERS_STRING_CATALOGS = YES;
				MTL_ENABLE_DEBUG_INFO = INCLUDE_SOURCE;
				MTL_FAST_MATH = YES;
				ONLY_ACTIVE_ARCH = YES;
				SDKROOT = iphoneos;
				SWIFT_ACTIVE_COMPILATION_CONDITIONS = "DEBUG $(inherited)";
				SWIFT_OPTIMIZATION_LEVEL = "-Onone";
			};
			name = Debug;
		};
		3DF7D5762C298CD900C950AD /* Release */ = {
			isa = XCBuildConfiguration;
			buildSettings = {
				ALWAYS_SEARCH_USER_PATHS = NO;
				ASSETCATALOG_COMPILER_GENERATE_SWIFT_ASSET_SYMBOL_EXTENSIONS = YES;
				CLANG_ANALYZER_LOCALIZABILITY_NONLOCALIZED = YES;
				CLANG_ANALYZER_NONNULL = YES;
				CLANG_ANALYZER_NUMBER_OBJECT_CONVERSION = YES_AGGRESSIVE;
				CLANG_CXX_LANGUAGE_STANDARD = "gnu++20";
				CLANG_ENABLE_MODULES = YES;
				CLANG_ENABLE_OBJC_ARC = YES;
				CLANG_ENABLE_OBJC_WEAK = YES;
				CLANG_WARN_BLOCK_CAPTURE_AUTORELEASING = YES;
				CLANG_WARN_BOOL_CONVERSION = YES;
				CLANG_WARN_COMMA = YES;
				CLANG_WARN_CONSTANT_CONVERSION = YES;
				CLANG_WARN_DEPRECATED_OBJC_IMPLEMENTATIONS = YES;
				CLANG_WARN_DIRECT_OBJC_ISA_USAGE = YES_ERROR;
				CLANG_WARN_DOCUMENTATION_COMMENTS = YES;
				CLANG_WARN_EMPTY_BODY = YES;
				CLANG_WARN_ENUM_CONVERSION = YES;
				CLANG_WARN_INFINITE_RECURSION = YES;
				CLANG_WARN_INT_CONVERSION = YES;
				CLANG_WARN_NON_LITERAL_NULL_CONVERSION = YES;
				CLANG_WARN_OBJC_IMPLICIT_RETAIN_SELF = YES;
				CLANG_WARN_OBJC_LITERAL_CONVERSION = YES;
				CLANG_WARN_OBJC_ROOT_CLASS = YES_ERROR;
				CLANG_WARN_QUOTED_INCLUDE_IN_FRAMEWORK_HEADER = YES;
				CLANG_WARN_RANGE_LOOP_ANALYSIS = YES;
				CLANG_WARN_STRICT_PROTOTYPES = YES;
				CLANG_WARN_SUSPICIOUS_MOVE = YES;
				CLANG_WARN_UNGUARDED_AVAILABILITY = YES_AGGRESSIVE;
				CLANG_WARN_UNREACHABLE_CODE = YES;
				CLANG_WARN__DUPLICATE_METHOD_MATCH = YES;
				COPY_PHASE_STRIP = NO;
				DEBUG_INFORMATION_FORMAT = "dwarf-with-dsym";
				ENABLE_NS_ASSERTIONS = NO;
				ENABLE_STRICT_OBJC_MSGSEND = YES;
				ENABLE_USER_SCRIPT_SANDBOXING = YES;
				GCC_C_LANGUAGE_STANDARD = gnu17;
				GCC_NO_COMMON_BLOCKS = YES;
				GCC_WARN_64_TO_32_BIT_CONVERSION = YES;
				GCC_WARN_ABOUT_RETURN_TYPE = YES_ERROR;
				GCC_WARN_UNDECLARED_SELECTOR = YES;
				GCC_WARN_UNINITIALIZED_AUTOS = YES_AGGRESSIVE;
				GCC_WARN_UNUSED_FUNCTION = YES;
				GCC_WARN_UNUSED_VARIABLE = YES;
				IPHONEOS_DEPLOYMENT_TARGET = 17.0;
				LOCALIZATION_PREFERS_STRING_CATALOGS = YES;
				MTL_ENABLE_DEBUG_INFO = NO;
				MTL_FAST_MATH = YES;
				SDKROOT = iphoneos;
				SWIFT_COMPILATION_MODE = wholemodule;
				VALIDATE_PRODUCT = YES;
			};
			name = Release;
		};
		3DF7D5782C298CD900C950AD /* Debug */ = {
			isa = XCBuildConfiguration;
			buildSettings = {
				ASSETCATALOG_COMPILER_APPICON_NAME = AppIcon;
				ASSETCATALOG_COMPILER_GLOBAL_ACCENT_COLOR_NAME = AccentColor;
				CODE_SIGN_IDENTITY = "Apple Development";
				CODE_SIGN_STYLE = Automatic;
				CURRENT_PROJECT_VERSION = 1;
				DEVELOPMENT_TEAM = 628PNWMZP5;
				GENERATE_INFOPLIST_FILE = YES;
				INFOPLIST_FILE = BusBooking/App/Info.plist;
				INFOPLIST_KEY_UIApplicationSupportsIndirectInputEvents = YES;
				INFOPLIST_KEY_UILaunchStoryboardName = LaunchScreen;
				INFOPLIST_KEY_UISupportedInterfaceOrientations_iPad = "UIInterfaceOrientationPortrait UIInterfaceOrientationPortraitUpsideDown UIInterfaceOrientationLandscapeLeft UIInterfaceOrientationLandscapeRight";
				INFOPLIST_KEY_UISupportedInterfaceOrientations_iPhone = "UIInterfaceOrientationPortrait UIInterfaceOrientationLandscapeLeft UIInterfaceOrientationLandscapeRight";
				IPHONEOS_DEPLOYMENT_TARGET = 15.2;
				LD_RUNPATH_SEARCH_PATHS = (
					"$(inherited)",
					"@executable_path/Frameworks",
				);
				MARKETING_VERSION = 1.0;
				PRODUCT_BUNDLE_IDENTIFIER = com.alkanfatih.BusBooking;
				PRODUCT_NAME = "$(TARGET_NAME)";
				PROVISIONING_PROFILE_SPECIFIER = "";
				SWIFT_EMIT_LOC_STRINGS = YES;
				SWIFT_VERSION = 5.0;
				TARGETED_DEVICE_FAMILY = "1,2";
			};
			name = Debug;
		};
		3DF7D5792C298CD900C950AD /* Release */ = {
			isa = XCBuildConfiguration;
			buildSettings = {
				ASSETCATALOG_COMPILER_APPICON_NAME = AppIcon;
				ASSETCATALOG_COMPILER_GLOBAL_ACCENT_COLOR_NAME = AccentColor;
				CODE_SIGN_IDENTITY = "Apple Development";
				CODE_SIGN_STYLE = Automatic;
				CURRENT_PROJECT_VERSION = 1;
				DEVELOPMENT_TEAM = 628PNWMZP5;
				GENERATE_INFOPLIST_FILE = YES;
				INFOPLIST_FILE = BusBooking/App/Info.plist;
				INFOPLIST_KEY_UIApplicationSupportsIndirectInputEvents = YES;
				INFOPLIST_KEY_UILaunchStoryboardName = LaunchScreen;
				INFOPLIST_KEY_UISupportedInterfaceOrientations_iPad = "UIInterfaceOrientationPortrait UIInterfaceOrientationPortraitUpsideDown UIInterfaceOrientationLandscapeLeft UIInterfaceOrientationLandscapeRight";
				INFOPLIST_KEY_UISupportedInterfaceOrientations_iPhone = "UIInterfaceOrientationPortrait UIInterfaceOrientationLandscapeLeft UIInterfaceOrientationLandscapeRight";
				IPHONEOS_DEPLOYMENT_TARGET = 15.2;
				LD_RUNPATH_SEARCH_PATHS = (
					"$(inherited)",
					"@executable_path/Frameworks",
				);
				MARKETING_VERSION = 1.0;
				PRODUCT_BUNDLE_IDENTIFIER = com.alkanfatih.BusBooking;
				PRODUCT_NAME = "$(TARGET_NAME)";
				PROVISIONING_PROFILE_SPECIFIER = "";
				SWIFT_EMIT_LOC_STRINGS = YES;
				SWIFT_VERSION = 5.0;
				TARGETED_DEVICE_FAMILY = "1,2";
			};
			name = Release;
		};
/* End XCBuildConfiguration section */

/* Begin XCConfigurationList section */
		3DF7D55B2C298CD700C950AD /* Build configuration list for PBXProject "BusBooking" */ = {
			isa = XCConfigurationList;
			buildConfigurations = (
				3DF7D5752C298CD900C950AD /* Debug */,
				3DF7D5762C298CD900C950AD /* Release */,
			);
			defaultConfigurationIsVisible = 0;
			defaultConfigurationName = Release;
		};
		3DF7D5772C298CD900C950AD /* Build configuration list for PBXNativeTarget "BusBooking" */ = {
			isa = XCConfigurationList;
			buildConfigurations = (
				3DF7D5782C298CD900C950AD /* Debug */,
				3DF7D5792C298CD900C950AD /* Release */,
			);
			defaultConfigurationIsVisible = 0;
			defaultConfigurationName = Release;
		};
/* End XCConfigurationList section */

/* Begin XCRemoteSwiftPackageReference section */
		3DF7D58E2C2AEAB300C950AD /* XCRemoteSwiftPackageReference "HorizonCalendar" */ = {
			isa = XCRemoteSwiftPackageReference;
			repositoryURL = "https://github.com/airbnb/HorizonCalendar.git";
			requirement = {
				branch = master;
				kind = branch;
			};
		};
		3DF7D59C2C2C32F500C950AD /* XCRemoteSwiftPackageReference "ProgressHUD" */ = {
			isa = XCRemoteSwiftPackageReference;
			repositoryURL = "https://github.com/relatedcode/ProgressHUD.git";
			requirement = {
				kind = upToNextMajorVersion;
				minimumVersion = 14.1.3;
			};
		};
		3DF7D5DA2C332BA000C950AD /* XCRemoteSwiftPackageReference "IQKeyboardManager" */ = {
			isa = XCRemoteSwiftPackageReference;
			repositoryURL = "https://github.com/hackiftekhar/IQKeyboardManager";
			requirement = {
				kind = upToNextMajorVersion;
				minimumVersion = 7.0.3;
			};
		};
/* End XCRemoteSwiftPackageReference section */

/* Begin XCSwiftPackageProductDependency section */
		3DF7D58F2C2AEAB300C950AD /* HorizonCalendar */ = {
			isa = XCSwiftPackageProductDependency;
			package = 3DF7D58E2C2AEAB300C950AD /* XCRemoteSwiftPackageReference "HorizonCalendar" */;
			productName = HorizonCalendar;
		};
		3DF7D59D2C2C32F600C950AD /* ProgressHUD */ = {
			isa = XCSwiftPackageProductDependency;
			package = 3DF7D59C2C2C32F500C950AD /* XCRemoteSwiftPackageReference "ProgressHUD" */;
			productName = ProgressHUD;
		};
		3DF7D5DB2C332BA000C950AD /* IQKeyboardManagerSwift */ = {
			isa = XCSwiftPackageProductDependency;
			package = 3DF7D5DA2C332BA000C950AD /* XCRemoteSwiftPackageReference "IQKeyboardManager" */;
			productName = IQKeyboardManagerSwift;
		};
/* End XCSwiftPackageProductDependency section */

/* Begin XCVersionGroup section */
		3DF7D56C2C298CD700C950AD /* BusBooking.xcdatamodeld */ = {
			isa = XCVersionGroup;
			children = (
				3DF7D56D2C298CD700C950AD /* BusBooking.xcdatamodel */,
			);
			currentVersion = 3DF7D56D2C298CD700C950AD /* BusBooking.xcdatamodel */;
			path = BusBooking.xcdatamodeld;
			sourceTree = "<group>";
			versionGroupType = wrapper.xcdatamodel;
		};
/* End XCVersionGroup section */
	};
	rootObject = 3DF7D5582C298CD700C950AD /* Project object */;
}
