{
  "pins" : [
    {
      "identity" : "horizoncalendar",
      "kind" : "remoteSourceControl",
      "location" : "https://github.com/airbnb/HorizonCalendar.git",
      "state" : {
        "branch" : "master",
        "revision" : "bc58dcb7856f728afe3ef71f53fda4f0329ece11"
      }
    }
  ],
  "version" : 2
}
